
Microsoft Visual Studio Solution File, Format Version 12.00
# Visual Studio Version 16
VisualStudioVersion = 16.0.31729.503
MinimumVisualStudioVersion = 10.0.40219.1
Project("{FAE04EC0-301F-11D3-BF4B-00C04F79EFBC}") = "SistemaWebVuelos", "SistemaWebVuelos\SistemaWebVuelos.csproj", "{00D43CFF-060B-4A55-A5DC-6FA824C46237}"
EndProject
Global
	GlobalSection(SolutionConfigurationPlatforms) = preSolution
		Debug|Any CPU = Debug|Any CPU
		Release|Any CPU = Release|Any CPU
	EndGlobalSection
	GlobalSection(ProjectConfigurationPlatforms) = postSolution
		{00D43CFF-060B-4A55-A5DC-6FA824C46237}.Debug|Any CPU.ActiveCfg = Debug|Any CPU
		{00D43CFF-060B-4A55-A5DC-6FA824C46237}.Debug|Any CPU.Build.0 = Debug|Any CPU
		{00D43CFF-060B-4A55-A5DC-6FA824C46237}.Release|Any CPU.ActiveCfg = Release|Any CPU
		{00D43CFF-060B-4A55-A5DC-6FA824C46237}.Release|Any CPU.Build.0 = Release|Any CPU
	EndGlobalSection
	GlobalSection(SolutionProperties) = preSolution
		HideSolutionNode = FALSE
	EndGlobalSection
	GlobalSection(ExtensibilityGlobals) = postSolution
		SolutionGuid = {CCB7B218-C095-4808-BA39-866A27EC512D}
	EndGlobalSection
EndGlobal
